
Microsoft Visual Studio Solution File, Format Version 12.00
# Visual Studio Version 17
VisualStudioVersion = 17.10.35201.131
MinimumVisualStudioVersion = 10.0.40219.1
Project("{FAE04EC0-301F-11D3-BF4B-00C04F79EFBC}") = "MiddlewarePcPos2080WinForms", "MiddlewarePcPos2080Winform\MiddlewarePcPos2080WinForms.csproj", "{A5B2ADC0-73F2-4813-B47B-D7897D8B6BEB}"
EndProject
Global
	GlobalSection(SolutionConfigurationPlatforms) = preSolution
		Debug|Any CPU = Debug|Any CPU
		Release|Any CPU = Release|Any CPU
	EndGlobalSection
	GlobalSection(ProjectConfigurationPlatforms) = postSolution
		{A5B2ADC0-73F2-4813-B47B-D7897D8B6BEB}.Debug|Any CPU.ActiveCfg = Debug|Any CPU
		{A5B2ADC0-73F2-4813-B47B-D7897D8B6BEB}.Debug|Any CPU.Build.0 = Debug|Any CPU
		{A5B2ADC0-73F2-4813-B47B-D7897D8B6BEB}.Release|Any CPU.ActiveCfg = Release|Any CPU
		{A5B2ADC0-73F2-4813-B47B-D7897D8B6BEB}.Release|Any CPU.Build.0 = Release|Any CPU
	EndGlobalSection
	GlobalSection(SolutionProperties) = preSolution
		HideSolutionNode = FALSE
	EndGlobalSection
	GlobalSection(ExtensibilityGlobals) = postSolution
		SolutionGuid = {4A08E9E5-BC70-4598-968E-86B130BED45C}
	EndGlobalSection
EndGlobal
